// !$*UTF8*$!
{
	archiveVersion = 1;
	classes = {
	};
	objectVersion = 46;
	objects = {

/* Begin PBXBuildFile section */
		2E1670D119C30C6A005C68E5 /* building1.jpg in Resources */ = {isa = PBXBuildFile; fileRef = 2E1670D019C30C6A005C68E5 /* building1.jpg */; };
		2E1A3DD01A2ADE7C004A32D8 /* Storyboard-iPad.storyboard in Resources */ = {isa = PBXBuildFile; fileRef = 2E1A3DCF1A2ADE7C004A32D8 /* Storyboard-iPad.storyboard */; };
		2E1A3DD21A2B048C004A32D8 /* QuartzCore.framework in Frameworks */ = {isa = PBXBuildFile; fileRef = 2E1A3DD11A2B048C004A32D8 /* QuartzCore.framework */; };
		2E1A3DD91A2B0A61004A32D8 /* fall152@2x.png in Resources */ = {isa = PBXBuildFile; fileRef = 2E1A3DD71A2B0A61004A32D8 /* fall152@2x.png */; };
		2E1A3DDA1A2B0A61004A32D8 /* fall120@2x.png in Resources */ = {isa = PBXBuildFile; fileRef = 2E1A3DD81A2B0A61004A32D8 /* fall120@2x.png */; };
		2E1A3DDC1A2B0ACF004A32D8 /* fall76.png in Resources */ = {isa = PBXBuildFile; fileRef = 2E1A3DDB1A2B0ACF004A32D8 /* fall76.png */; };
		2E1A3DEB1A3D59BC004A32D8 /* libGoogleAdMobAds.a in Frameworks */ = {isa = PBXBuildFile; fileRef = 2E1A3DEA1A3D59BC004A32D8 /* libGoogleAdMobAds.a */; };
		2E1A3DED1A3D5B0C004A32D8 /* AdSupport.framework in Frameworks */ = {isa = PBXBuildFile; fileRef = 2E1A3DEC1A3D5B0C004A32D8 /* AdSupport.framework */; };
		2E1A3DEF1A3D5B2D004A32D8 /* AudioToolbox.framework in Frameworks */ = {isa = PBXBuildFile; fileRef = 2E1A3DEE1A3D5B2D004A32D8 /* AudioToolbox.framework */; };
		2E1A3DF11A3D5B4C004A32D8 /* MessageUI.framework in Frameworks */ = {isa = PBXBuildFile; fileRef = 2E1A3DF01A3D5B4C004A32D8 /* MessageUI.framework */; };
		2E1A3DF31A3D5B61004A32D8 /* StoreKit.framework in Frameworks */ = {isa = PBXBuildFile; fileRef = 2E1A3DF21A3D5B61004A32D8 /* StoreKit.framework */; };
		2E1A3DF51A3D5B77004A32D8 /* SystemConfiguration.framework in Frameworks */ = {isa = PBXBuildFile; fileRef = 2E1A3DF41A3D5B77004A32D8 /* SystemConfiguration.framework */; };
		2E1A3DF71A3D5E72004A32D8 /* CoreTelephony.framework in Frameworks */ = {isa = PBXBuildFile; fileRef = 2E1A3DF61A3D5E72004A32D8 /* CoreTelephony.framework */; };
		2E2E765419FCD11000B107C6 /* Storyboard-3.5Inch.storyboard in Resources */ = {isa = PBXBuildFile; fileRef = 2E2E765319FCD11000B107C6 /* Storyboard-3.5Inch.storyboard */; };
		2E750E1C19FCBF26001F2AC0 /* game_maoudamashii_1_battle24.mp3 in Resources */ = {isa = PBXBuildFile; fileRef = 2E750E1B19FCBF26001F2AC0 /* game_maoudamashii_1_battle24.mp3 */; };
		2E750E1E19FCC015001F2AC0 /* AVFoundation.framework in Frameworks */ = {isa = PBXBuildFile; fileRef = 2E750E1D19FCC015001F2AC0 /* AVFoundation.framework */; settings = {ATTRIBUTES = (Required, ); }; };
		2E78995A19D57DA1000434F2 /* cosmo.jpg in Resources */ = {isa = PBXBuildFile; fileRef = 2E78995919D57DA1000434F2 /* cosmo.jpg */; };
		2E78995C19D57DB1000434F2 /* building2.jpg in Resources */ = {isa = PBXBuildFile; fileRef = 2E78995B19D57DB1000434F2 /* building2.jpg */; };
		2E78996619D594E0000434F2 /* inseki.jpg in Resources */ = {isa = PBXBuildFile; fileRef = 2E78996519D594E0000434F2 /* inseki.jpg */; };
		2E78996719D594E0000434F2 /* inseki.jpg in Resources */ = {isa = PBXBuildFile; fileRef = 2E78996519D594E0000434F2 /* inseki.jpg */; };
		2E78996919E7E7A7000434F2 /* innseki2 in Resources */ = {isa = PBXBuildFile; fileRef = 2E78996819E7E7A7000434F2 /* innseki2 */; };
		2E78996B19E7EADB000434F2 /* meteo in Resources */ = {isa = PBXBuildFile; fileRef = 2E78996A19E7EADB000434F2 /* meteo */; };
		2EA5549A19BB0A9600AAF2DA /* 10e17fd7.jpg in Resources */ = {isa = PBXBuildFile; fileRef = 2EA5549919BB0A9500AAF2DA /* 10e17fd7.jpg */; };
		2EAF181A1959645E001E2450 /* Foundation.framework in Frameworks */ = {isa = PBXBuildFile; fileRef = 2EAF18191959645E001E2450 /* Foundation.framework */; };
		2EAF181E1959645E001E2450 /* UIKit.framework in Frameworks */ = {isa = PBXBuildFile; fileRef = 2EAF181D1959645E001E2450 /* UIKit.framework */; };
		2EAF18241959645E001E2450 /* InfoPlist.strings in Resources */ = {isa = PBXBuildFile; fileRef = 2EAF18221959645E001E2450 /* InfoPlist.strings */; };
		2EAF18261959645E001E2450 /* main.m in Sources */ = {isa = PBXBuildFile; fileRef = 2EAF18251959645E001E2450 /* main.m */; };
		2EAF182A1959645E001E2450 /* AppDelegate.m in Sources */ = {isa = PBXBuildFile; fileRef = 2EAF18291959645E001E2450 /* AppDelegate.m */; };
		2EAF182D1959645E001E2450 /* Main.storyboard in Resources */ = {isa = PBXBuildFile; fileRef = 2EAF182B1959645E001E2450 /* Main.storyboard */; };
		2EAF18301959645E001E2450 /* ViewController.m in Sources */ = {isa = PBXBuildFile; fileRef = 2EAF182F1959645E001E2450 /* ViewController.m */; };
		2EAF18321959645E001E2450 /* Images.xcassets in Resources */ = {isa = PBXBuildFile; fileRef = 2EAF18311959645E001E2450 /* Images.xcassets */; };
		2EAF18391959645E001E2450 /* XCTest.framework in Frameworks */ = {isa = PBXBuildFile; fileRef = 2EAF18381959645E001E2450 /* XCTest.framework */; };
		2EAF183A1959645E001E2450 /* Foundation.framework in Frameworks */ = {isa = PBXBuildFile; fileRef = 2EAF18191959645E001E2450 /* Foundation.framework */; };
		2EAF183B1959645E001E2450 /* UIKit.framework in Frameworks */ = {isa = PBXBuildFile; fileRef = 2EAF181D1959645E001E2450 /* UIKit.framework */; };
		2EAF18431959645E001E2450 /* InfoPlist.strings in Resources */ = {isa = PBXBuildFile; fileRef = 2EAF18411959645E001E2450 /* InfoPlist.strings */; };
		2EAF18451959645E001E2450 /* fallTests.m in Sources */ = {isa = PBXBuildFile; fileRef = 2EAF18441959645E001E2450 /* fallTests.m */; };
		2EAF1850195D73A5001E2450 /* SecondViewController.m in Sources */ = {isa = PBXBuildFile; fileRef = 2EAF184F195D73A5001E2450 /* SecondViewController.m */; };
/* End PBXBuildFile section */

/* Begin PBXContainerItemProxy section */
		2EAF183C1959645E001E2450 /* PBXContainerItemProxy */ = {
			isa = PBXContainerItemProxy;
			containerPortal = 2EAF180E1959645E001E2450 /* Project object */;
			proxyType = 1;
			remoteGlobalIDString = 2EAF18151959645E001E2450;
			remoteInfo = fall;
		};
/* End PBXContainerItemProxy section */

/* Begin PBXFileReference section */
		2E1670D019C30C6A005C68E5 /* building1.jpg */ = {isa = PBXFileReference; lastKnownFileType = image.jpeg; path = building1.jpg; sourceTree = "<group>"; };
		2E1A3DCF1A2ADE7C004A32D8 /* Storyboard-iPad.storyboard */ = {isa = PBXFileReference; fileEncoding = 4; lastKnownFileType = file.storyboard; path = "Storyboard-iPad.storyboard"; sourceTree = "<group>"; };
		2E1A3DD11A2B048C004A32D8 /* QuartzCore.framework */ = {isa = PBXFileReference; lastKnownFileType = wrapper.framework; name = QuartzCore.framework; path = System/Library/Frameworks/QuartzCore.framework; sourceTree = SDKROOT; };
		2E1A3DD71A2B0A61004A32D8 /* fall152@2x.png */ = {isa = PBXFileReference; lastKnownFileType = image.png; path = "fall152@2x.png"; sourceTree = "<group>"; };
		2E1A3DD81A2B0A61004A32D8 /* fall120@2x.png */ = {isa = PBXFileReference; lastKnownFileType = image.png; path = "fall120@2x.png"; sourceTree = "<group>"; };
		2E1A3DDB1A2B0ACF004A32D8 /* fall76.png */ = {isa = PBXFileReference; lastKnownFileType = image.png; path = fall76.png; sourceTree = "<group>"; };
		2E1A3DDE1A3D59BC004A32D8 /* GADAdMobExtras.h */ = {isa = PBXFileReference; fileEncoding = 4; lastKnownFileType = sourcecode.c.h; path = GADAdMobExtras.h; sourceTree = "<group>"; };
		2E1A3DDF1A3D59BC004A32D8 /* GADAdNetworkExtras.h */ = {isa = PBXFileReference; fileEncoding = 4; lastKnownFileType = sourcecode.c.h; path = GADAdNetworkExtras.h; sourceTree = "<group>"; };
		2E1A3DE01A3D59BC004A32D8 /* GADAdSize.h */ = {isa = PBXFileReference; fileEncoding = 4; lastKnownFileType = sourcecode.c.h; path = GADAdSize.h; sourceTree = "<group>"; };
		2E1A3DE11A3D59BC004A32D8 /* GADBannerView.h */ = {isa = PBXFileReference; fileEncoding = 4; lastKnownFileType = sourcecode.c.h; path = GADBannerView.h; sourceTree = "<group>"; };
		2E1A3DE21A3D59BC004A32D8 /* GADBannerViewDelegate.h */ = {isa = PBXFileReference; fileEncoding = 4; lastKnownFileType = sourcecode.c.h; path = GADBannerViewDelegate.h; sourceTree = "<group>"; };
		2E1A3DE31A3D59BC004A32D8 /* GADInAppPurchase.h */ = {isa = PBXFileReference; fileEncoding = 4; lastKnownFileType = sourcecode.c.h; path = GADInAppPurchase.h; sourceTree = "<group>"; };
		2E1A3DE41A3D59BC004A32D8 /* GADInAppPurchaseDelegate.h */ = {isa = PBXFileReference; fileEncoding = 4; lastKnownFileType = sourcecode.c.h; path = GADInAppPurchaseDelegate.h; sourceTree = "<group>"; };
		2E1A3DE51A3D59BC004A32D8 /* GADInterstitial.h */ = {isa = PBXFileReference; fileEncoding = 4; lastKnownFileType = sourcecode.c.h; path = GADInterstitial.h; sourceTree = "<group>"; };
		2E1A3DE61A3D59BC004A32D8 /* GADInterstitialDelegate.h */ = {isa = PBXFileReference; fileEncoding = 4; lastKnownFileType = sourcecode.c.h; path = GADInterstitialDelegate.h; sourceTree = "<group>"; };
		2E1A3DE71A3D59BC004A32D8 /* GADModules.h */ = {isa = PBXFileReference; fileEncoding = 4; lastKnownFileType = sourcecode.c.h; path = GADModules.h; sourceTree = "<group>"; };
		2E1A3DE81A3D59BC004A32D8 /* GADRequest.h */ = {isa = PBXFileReference; fileEncoding = 4; lastKnownFileType = sourcecode.c.h; path = GADRequest.h; sourceTree = "<group>"; };
		2E1A3DE91A3D59BC004A32D8 /* GADRequestError.h */ = {isa = PBXFileReference; fileEncoding = 4; lastKnownFileType = sourcecode.c.h; path = GADRequestError.h; sourceTree = "<group>"; };
		2E1A3DEA1A3D59BC004A32D8 /* libGoogleAdMobAds.a */ = {isa = PBXFileReference; lastKnownFileType = archive.ar; path = libGoogleAdMobAds.a; sourceTree = "<group>"; };
		2E1A3DEC1A3D5B0C004A32D8 /* AdSupport.framework */ = {isa = PBXFileReference; lastKnownFileType = wrapper.framework; name = AdSupport.framework; path = System/Library/Frameworks/AdSupport.framework; sourceTree = SDKROOT; };
		2E1A3DEE1A3D5B2D004A32D8 /* AudioToolbox.framework */ = {isa = PBXFileReference; lastKnownFileType = wrapper.framework; name = AudioToolbox.framework; path = System/Library/Frameworks/AudioToolbox.framework; sourceTree = SDKROOT; };
		2E1A3DF01A3D5B4C004A32D8 /* MessageUI.framework */ = {isa = PBXFileReference; lastKnownFileType = wrapper.framework; name = MessageUI.framework; path = System/Library/Frameworks/MessageUI.framework; sourceTree = SDKROOT; };
		2E1A3DF21A3D5B61004A32D8 /* StoreKit.framework */ = {isa = PBXFileReference; lastKnownFileType = wrapper.framework; name = StoreKit.framework; path = System/Library/Frameworks/StoreKit.framework; sourceTree = SDKROOT; };
		2E1A3DF41A3D5B77004A32D8 /* SystemConfiguration.framework */ = {isa = PBXFileReference; lastKnownFileType = wrapper.framework; name = SystemConfiguration.framework; path = System/Library/Frameworks/SystemConfiguration.framework; sourceTree = SDKROOT; };
		2E1A3DF61A3D5E72004A32D8 /* CoreTelephony.framework */ = {isa = PBXFileReference; lastKnownFileType = wrapper.framework; name = CoreTelephony.framework; path = System/Library/Frameworks/CoreTelephony.framework; sourceTree = SDKROOT; };
		2E2E765319FCD11000B107C6 /* Storyboard-3.5Inch.storyboard */ = {isa = PBXFileReference; fileEncoding = 4; lastKnownFileType = file.storyboard; path = "Storyboard-3.5Inch.storyboard"; sourceTree = "<group>"; };
		2E750E1B19FCBF26001F2AC0 /* game_maoudamashii_1_battle24.mp3 */ = {isa = PBXFileReference; lastKnownFileType = audio.mp3; path = game_maoudamashii_1_battle24.mp3; sourceTree = "<group>"; };
		2E750E1D19FCC015001F2AC0 /* AVFoundation.framework */ = {isa = PBXFileReference; lastKnownFileType = wrapper.framework; name = AVFoundation.framework; path = System/Library/Frameworks/AVFoundation.framework; sourceTree = SDKROOT; };
		2E78995919D57DA1000434F2 /* cosmo.jpg */ = {isa = PBXFileReference; lastKnownFileType = image.jpeg; path = cosmo.jpg; sourceTree = "<group>"; };
		2E78995B19D57DB1000434F2 /* building2.jpg */ = {isa = PBXFileReference; lastKnownFileType = image.jpeg; path = building2.jpg; sourceTree = "<group>"; };
		2E78996519D594E0000434F2 /* inseki.jpg */ = {isa = PBXFileReference; lastKnownFileType = image.jpeg; path = inseki.jpg; sourceTree = "<group>"; };
		2E78996819E7E7A7000434F2 /* innseki2 */ = {isa = PBXFileReference; lastKnownFileType = file; path = innseki2; sourceTree = "<group>"; };
		2E78996A19E7EADB000434F2 /* meteo */ = {isa = PBXFileReference; lastKnownFileType = file; path = meteo; sourceTree = "<group>"; };
		2EA5549919BB0A9500AAF2DA /* 10e17fd7.jpg */ = {isa = PBXFileReference; lastKnownFileType = image.jpeg; path = 10e17fd7.jpg; sourceTree = "<group>"; };
		2EAF18161959645E001E2450 /* fall.app */ = {isa = PBXFileReference; explicitFileType = wrapper.application; includeInIndex = 0; path = fall.app; sourceTree = BUILT_PRODUCTS_DIR; };
		2EAF18191959645E001E2450 /* Foundation.framework */ = {isa = PBXFileReference; lastKnownFileType = wrapper.framework; name = Foundation.framework; path = System/Library/Frameworks/Foundation.framework; sourceTree = SDKROOT; };
		2EAF181B1959645E001E2450 /* CoreGraphics.framework */ = {isa = PBXFileReference; lastKnownFileType = wrapper.framework; name = CoreGraphics.framework; path = System/Library/Frameworks/CoreGraphics.framework; sourceTree = SDKROOT; };
		2EAF181D1959645E001E2450 /* UIKit.framework */ = {isa = PBXFileReference; lastKnownFileType = wrapper.framework; name = UIKit.framework; path = System/Library/Frameworks/UIKit.framework; sourceTree = SDKROOT; };
		2EAF18211959645E001E2450 /* fall-Info.plist */ = {isa = PBXFileReference; lastKnownFileType = text.plist.xml; path = "fall-Info.plist"; sourceTree = "<group>"; };
		2EAF18231959645E001E2450 /* en */ = {isa = PBXFileReference; lastKnownFileType = text.plist.strings; name = en; path = en.lproj/InfoPlist.strings; sourceTree = "<group>"; };
		2EAF18251959645E001E2450 /* main.m */ = {isa = PBXFileReference; lastKnownFileType = sourcecode.c.objc; path = main.m; sourceTree = "<group>"; };
		2EAF18271959645E001E2450 /* fall-Prefix.pch */ = {isa = PBXFileReference; lastKnownFileType = sourcecode.c.h; path = "fall-Prefix.pch"; sourceTree = "<group>"; };
		2EAF18281959645E001E2450 /* AppDelegate.h */ = {isa = PBXFileReference; lastKnownFileType = sourcecode.c.h; path = AppDelegate.h; sourceTree = "<group>"; };
		2EAF18291959645E001E2450 /* AppDelegate.m */ = {isa = PBXFileReference; lastKnownFileType = sourcecode.c.objc; path = AppDelegate.m; sourceTree = "<group>"; };
		2EAF182C1959645E001E2450 /* Base */ = {isa = PBXFileReference; lastKnownFileType = file.storyboard; name = Base; path = Base.lproj/Main.storyboard; sourceTree = "<group>"; };
		2EAF182E1959645E001E2450 /* ViewController.h */ = {isa = PBXFileReference; lastKnownFileType = sourcecode.c.h; path = ViewController.h; sourceTree = "<group>"; };
		2EAF182F1959645E001E2450 /* ViewController.m */ = {isa = PBXFileReference; lastKnownFileType = sourcecode.c.objc; path = ViewController.m; sourceTree = "<group>"; };
		2EAF18311959645E001E2450 /* Images.xcassets */ = {isa = PBXFileReference; lastKnownFileType = folder.assetcatalog; path = Images.xcassets; sourceTree = "<group>"; };
		2EAF18371959645E001E2450 /* fallTests.xctest */ = {isa = PBXFileReference; explicitFileType = wrapper.cfbundle; includeInIndex = 0; path = fallTests.xctest; sourceTree = BUILT_PRODUCTS_DIR; };
		2EAF18381959645E001E2450 /* XCTest.framework */ = {isa = PBXFileReference; lastKnownFileType = wrapper.framework; name = XCTest.framework; path = Library/Frameworks/XCTest.framework; sourceTree = DEVELOPER_DIR; };
		2EAF18401959645E001E2450 /* fallTests-Info.plist */ = {isa = PBXFileReference; lastKnownFileType = text.plist.xml; path = "fallTests-Info.plist"; sourceTree = "<group>"; };
		2EAF18421959645E001E2450 /* en */ = {isa = PBXFileReference; lastKnownFileType = text.plist.strings; name = en; path = en.lproj/InfoPlist.strings; sourceTree = "<group>"; };
		2EAF18441959645E001E2450 /* fallTests.m */ = {isa = PBXFileReference; lastKnownFileType = sourcecode.c.objc; path = fallTests.m; sourceTree = "<group>"; };
		2EAF184E195D73A5001E2450 /* SecondViewController.h */ = {isa = PBXFileReference; fileEncoding = 4; lastKnownFileType = sourcecode.c.h; path = SecondViewController.h; sourceTree = "<group>"; };
		2EAF184F195D73A5001E2450 /* SecondViewController.m */ = {isa = PBXFileReference; fileEncoding = 4; lastKnownFileType = sourcecode.c.objc; path = SecondViewController.m; sourceTree = "<group>"; };
/* End PBXFileReference section */

/* Begin PBXFrameworksBuildPhase section */
		2EAF18131959645E001E2450 /* Frameworks */ = {
			isa = PBXFrameworksBuildPhase;
			buildActionMask = 2147483647;
			files = (
				2E1A3DF71A3D5E72004A32D8 /* CoreTelephony.framework in Frameworks */,
				2E1A3DF51A3D5B77004A32D8 /* SystemConfiguration.framework in Frameworks */,
				2E1A3DF31A3D5B61004A32D8 /* StoreKit.framework in Frameworks */,
				2E1A3DF11A3D5B4C004A32D8 /* MessageUI.framework in Frameworks */,
				2E1A3DEF1A3D5B2D004A32D8 /* AudioToolbox.framework in Frameworks */,
				2E1A3DED1A3D5B0C004A32D8 /* AdSupport.framework in Frameworks */,
				2E1A3DD21A2B048C004A32D8 /* QuartzCore.framework in Frameworks */,
				2E750E1E19FCC015001F2AC0 /* AVFoundation.framework in Frameworks */,
				2EAF181E1959645E001E2450 /* UIKit.framework in Frameworks */,
				2EAF181A1959645E001E2450 /* Foundation.framework in Frameworks */,
				2E1A3DEB1A3D59BC004A32D8 /* libGoogleAdMobAds.a in Frameworks */,
			);
			runOnlyForDeploymentPostprocessing = 0;
		};
		2EAF18341959645E001E2450 /* Frameworks */ = {
			isa = PBXFrameworksBuildPhase;
			buildActionMask = 2147483647;
			files = (
				2EAF18391959645E001E2450 /* XCTest.framework in Frameworks */,
				2EAF183B1959645E001E2450 /* UIKit.framework in Frameworks */,
				2EAF183A1959645E001E2450 /* Foundation.framework in Frameworks */,
			);
			runOnlyForDeploymentPostprocessing = 0;
		};
/* End PBXFrameworksBuildPhase section */

/* Begin PBXGroup section */
		2E1A3DDD1A3D59BC004A32D8 /* 選択項目から作成したフォルダ */ = {
			isa = PBXGroup;
			children = (
				2E1A3DDE1A3D59BC004A32D8 /* GADAdMobExtras.h */,
				2E1A3DDF1A3D59BC004A32D8 /* GADAdNetworkExtras.h */,
				2E1A3DE01A3D59BC004A32D8 /* GADAdSize.h */,
				2E1A3DE11A3D59BC004A32D8 /* GADBannerView.h */,
				2E1A3DE21A3D59BC004A32D8 /* GADBannerViewDelegate.h */,
				2E1A3DE31A3D59BC004A32D8 /* GADInAppPurchase.h */,
				2E1A3DE41A3D59BC004A32D8 /* GADInAppPurchaseDelegate.h */,
				2E1A3DE51A3D59BC004A32D8 /* GADInterstitial.h */,
				2E1A3DE61A3D59BC004A32D8 /* GADInterstitialDelegate.h */,
				2E1A3DE71A3D59BC004A32D8 /* GADModules.h */,
				2E1A3DE81A3D59BC004A32D8 /* GADRequest.h */,
				2E1A3DE91A3D59BC004A32D8 /* GADRequestError.h */,
				2E1A3DEA1A3D59BC004A32D8 /* libGoogleAdMobAds.a */,
			);
			path = "選択項目から作成したフォルダ";
			sourceTree = "<group>";
		};
		2EAF180D1959645E001E2450 = {
			isa = PBXGroup;
			children = (
				2EAF181F1959645E001E2450 /* fall */,
				2EAF183E1959645E001E2450 /* fallTests */,
				2EAF18181959645E001E2450 /* Frameworks */,
				2EAF18171959645E001E2450 /* Products */,
			);
			sourceTree = "<group>";
		};
		2EAF18171959645E001E2450 /* Products */ = {
			isa = PBXGroup;
			children = (
				2EAF18161959645E001E2450 /* fall.app */,
				2EAF18371959645E001E2450 /* fallTests.xctest */,
			);
			name = Products;
			sourceTree = "<group>";
		};
		2EAF18181959645E001E2450 /* Frameworks */ = {
			isa = PBXGroup;
			children = (
				2E1A3DF61A3D5E72004A32D8 /* CoreTelephony.framework */,
				2E1A3DF41A3D5B77004A32D8 /* SystemConfiguration.framework */,
				2E1A3DF21A3D5B61004A32D8 /* StoreKit.framework */,
				2E1A3DF01A3D5B4C004A32D8 /* MessageUI.framework */,
				2E1A3DEE1A3D5B2D004A32D8 /* AudioToolbox.framework */,
				2E1A3DEC1A3D5B0C004A32D8 /* AdSupport.framework */,
				2E1A3DD11A2B048C004A32D8 /* QuartzCore.framework */,
				2E750E1D19FCC015001F2AC0 /* AVFoundation.framework */,
				2EAF18191959645E001E2450 /* Foundation.framework */,
				2EAF181B1959645E001E2450 /* CoreGraphics.framework */,
				2EAF181D1959645E001E2450 /* UIKit.framework */,
				2EAF18381959645E001E2450 /* XCTest.framework */,
			);
			name = Frameworks;
			sourceTree = "<group>";
		};
		2EAF181F1959645E001E2450 /* fall */ = {
			isa = PBXGroup;
			children = (
				2E1A3DDD1A3D59BC004A32D8 /* 選択項目から作成したフォルダ */,
				2E1A3DDB1A2B0ACF004A32D8 /* fall76.png */,
				2E1A3DD71A2B0A61004A32D8 /* fall152@2x.png */,
				2E1A3DD81A2B0A61004A32D8 /* fall120@2x.png */,
				2EAF18281959645E001E2450 /* AppDelegate.h */,
				2EAF18291959645E001E2450 /* AppDelegate.m */,
				2E2E765319FCD11000B107C6 /* Storyboard-3.5Inch.storyboard */,
				2E1A3DCF1A2ADE7C004A32D8 /* Storyboard-iPad.storyboard */,
				2EAF182B1959645E001E2450 /* Main.storyboard */,
				2E750E1B19FCBF26001F2AC0 /* game_maoudamashii_1_battle24.mp3 */,
				2E78996A19E7EADB000434F2 /* meteo */,
				2E78996819E7E7A7000434F2 /* innseki2 */,
				2E78996519D594E0000434F2 /* inseki.jpg */,
				2E78995B19D57DB1000434F2 /* building2.jpg */,
				2E78995919D57DA1000434F2 /* cosmo.jpg */,
				2E1670D019C30C6A005C68E5 /* building1.jpg */,
				2EA5549919BB0A9500AAF2DA /* 10e17fd7.jpg */,
				2EAF182E1959645E001E2450 /* ViewController.h */,
				2EAF182F1959645E001E2450 /* ViewController.m */,
				2EAF184E195D73A5001E2450 /* SecondViewController.h */,
				2EAF184F195D73A5001E2450 /* SecondViewController.m */,
				2EAF18311959645E001E2450 /* Images.xcassets */,
				2EAF18201959645E001E2450 /* Supporting Files */,
			);
			path = fall;
			sourceTree = "<group>";
		};
		2EAF18201959645E001E2450 /* Supporting Files */ = {
			isa = PBXGroup;
			children = (
				2EAF18211959645E001E2450 /* fall-Info.plist */,
				2EAF18221959645E001E2450 /* InfoPlist.strings */,
				2EAF18251959645E001E2450 /* main.m */,
				2EAF18271959645E001E2450 /* fall-Prefix.pch */,
			);
			name = "Supporting Files";
			sourceTree = "<group>";
		};
		2EAF183E1959645E001E2450 /* fallTests */ = {
			isa = PBXGroup;
			children = (
				2EAF18441959645E001E2450 /* fallTests.m */,
				2EAF183F1959645E001E2450 /* Supporting Files */,
			);
			path = fallTests;
			sourceTree = "<group>";
		};
		2EAF183F1959645E001E2450 /* Supporting Files */ = {
			isa = PBXGroup;
			children = (
				2EAF18401959645E001E2450 /* fallTests-Info.plist */,
				2EAF18411959645E001E2450 /* InfoPlist.strings */,
			);
			name = "Supporting Files";
			sourceTree = "<group>";
		};
/* End PBXGroup section */

/* Begin PBXNativeTarget section */
		2EAF18151959645E001E2450 /* fall */ = {
			isa = PBXNativeTarget;
			buildConfigurationList = 2EAF18481959645E001E2450 /* Build configuration list for PBXNativeTarget "fall" */;
			buildPhases = (
				2EAF18121959645E001E2450 /* Sources */,
				2EAF18131959645E001E2450 /* Frameworks */,
				2EAF18141959645E001E2450 /* Resources */,
			);
			buildRules = (
			);
			dependencies = (
			);
			name = fall;
			productName = fall;
			productReference = 2EAF18161959645E001E2450 /* fall.app */;
			productType = "com.apple.product-type.application";
		};
		2EAF18361959645E001E2450 /* fallTests */ = {
			isa = PBXNativeTarget;
			buildConfigurationList = 2EAF184B1959645E001E2450 /* Build configuration list for PBXNativeTarget "fallTests" */;
			buildPhases = (
				2EAF18331959645E001E2450 /* Sources */,
				2EAF18341959645E001E2450 /* Frameworks */,
				2EAF18351959645E001E2450 /* Resources */,
			);
			buildRules = (
			);
			dependencies = (
				2EAF183D1959645E001E2450 /* PBXTargetDependency */,
			);
			name = fallTests;
			productName = fallTests;
			productReference = 2EAF18371959645E001E2450 /* fallTests.xctest */;
			productType = "com.apple.product-type.bundle.unit-test";
		};
/* End PBXNativeTarget section */

/* Begin PBXProject section */
		2EAF180E1959645E001E2450 /* Project object */ = {
			isa = PBXProject;
			attributes = {
				LastUpgradeCheck = 0510;
				ORGANIZATIONNAME = yumafuruya;
				TargetAttributes = {
					2EAF18151959645E001E2450 = {
						DevelopmentTeam = LK3YCHG76L;
					};
					2EAF18361959645E001E2450 = {
						TestTargetID = 2EAF18151959645E001E2450;
					};
				};
			};
			buildConfigurationList = 2EAF18111959645E001E2450 /* Build configuration list for PBXProject "fall" */;
			compatibilityVersion = "Xcode 3.2";
			developmentRegion = English;
			hasScannedForEncodings = 0;
			knownRegions = (
				en,
				Base,
			);
			mainGroup = 2EAF180D1959645E001E2450;
			productRefGroup = 2EAF18171959645E001E2450 /* Products */;
			projectDirPath = "";
			projectRoot = "";
			targets = (
				2EAF18151959645E001E2450 /* fall */,
				2EAF18361959645E001E2450 /* fallTests */,
			);
		};
/* End PBXProject section */

/* Begin PBXResourcesBuildPhase section */
		2EAF18141959645E001E2450 /* Resources */ = {
			isa = PBXResourcesBuildPhase;
			buildActionMask = 2147483647;
			files = (
				2E1A3DD91A2B0A61004A32D8 /* fall152@2x.png in Resources */,
				2E78995A19D57DA1000434F2 /* cosmo.jpg in Resources */,
				2EAF18321959645E001E2450 /* Images.xcassets in Resources */,
				2E1A3DDA1A2B0A61004A32D8 /* fall120@2x.png in Resources */,
				2E1670D119C30C6A005C68E5 /* building1.jpg in Resources */,
				2E78996619D594E0000434F2 /* inseki.jpg in Resources */,
				2E1A3DD01A2ADE7C004A32D8 /* Storyboard-iPad.storyboard in Resources */,
				2E750E1C19FCBF26001F2AC0 /* game_maoudamashii_1_battle24.mp3 in Resources */,
				2E78995C19D57DB1000434F2 /* building2.jpg in Resources */,
				2E1A3DDC1A2B0ACF004A32D8 /* fall76.png in Resources */,
				2E2E765419FCD11000B107C6 /* Storyboard-3.5Inch.storyboard in Resources */,
				2EAF18241959645E001E2450 /* InfoPlist.strings in Resources */,
				2EA5549A19BB0A9600AAF2DA /* 10e17fd7.jpg in Resources */,
				2E78996B19E7EADB000434F2 /* meteo in Resources */,
				2EAF182D1959645E001E2450 /* Main.storyboard in Resources */,
				2E78996919E7E7A7000434F2 /* innseki2 in Resources */,
			);
			runOnlyForDeploymentPostprocessing = 0;
		};
		2EAF18351959645E001E2450 /* Resources */ = {
			isa = PBXResourcesBuildPhase;
			buildActionMask = 2147483647;
			files = (
				2E78996719D594E0000434F2 /* inseki.jpg in Resources */,
				2EAF18431959645E001E2450 /* InfoPlist.strings in Resources */,
			);
			runOnlyForDeploymentPostprocessing = 0;
		};
/* End PBXResourcesBuildPhase section */

/* Begin PBXSourcesBuildPhase section */
		2EAF18121959645E001E2450 /* Sources */ = {
			isa = PBXSourcesBuildPhase;
			buildActionMask = 2147483647;
			files = (
				2EAF1850195D73A5001E2450 /* SecondViewController.m in Sources */,
				2EAF18301959645E001E2450 /* ViewController.m in Sources */,
				2EAF182A1959645E001E2450 /* AppDelegate.m in Sources */,
				2EAF18261959645E001E2450 /* main.m in Sources */,
			);
			runOnlyForDeploymentPostprocessing = 0;
		};
		2EAF18331959645E001E2450 /* Sources */ = {
			isa = PBXSourcesBuildPhase;
			buildActionMask = 2147483647;
			files = (
				2EAF18451959645E001E2450 /* fallTests.m in Sources */,
			);
			runOnlyForDeploymentPostprocessing = 0;
		};
/* End PBXSourcesBuildPhase section */

/* Begin PBXTargetDependency section */
		2EAF183D1959645E001E2450 /* PBXTargetDependency */ = {
			isa = PBXTargetDependency;
			target = 2EAF18151959645E001E2450 /* fall */;
			targetProxy = 2EAF183C1959645E001E2450 /* PBXContainerItemProxy */;
		};
/* End PBXTargetDependency section */

/* Begin PBXVariantGroup section */
		2EAF18221959645E001E2450 /* InfoPlist.strings */ = {
			isa = PBXVariantGroup;
			children = (
				2EAF18231959645E001E2450 /* en */,
			);
			name = InfoPlist.strings;
			sourceTree = "<group>";
		};
		2EAF182B1959645E001E2450 /* Main.storyboard */ = {
			isa = PBXVariantGroup;
			children = (
				2EAF182C1959645E001E2450 /* Base */,
			);
			name = Main.storyboard;
			sourceTree = "<group>";
		};
		2EAF18411959645E001E2450 /* InfoPlist.strings */ = {
			isa = PBXVariantGroup;
			children = (
				2EAF18421959645E001E2450 /* en */,
			);
			name = InfoPlist.strings;
			sourceTree = "<group>";
		};
/* End PBXVariantGroup section */

/* Begin XCBuildConfiguration section */
		2EAF18461959645E001E2450 /* Debug */ = {
			isa = XCBuildConfiguration;
			buildSettings = {
				ALWAYS_SEARCH_USER_PATHS = NO;
				CLANG_CXX_LANGUAGE_STANDARD = "gnu++0x";
				CLANG_CXX_LIBRARY = "libc++";
				CLANG_ENABLE_MODULES = YES;
				CLANG_ENABLE_OBJC_ARC = YES;
				CLANG_WARN_BOOL_CONVERSION = YES;
				CLANG_WARN_CONSTANT_CONVERSION = YES;
				CLANG_WARN_DIRECT_OBJC_ISA_USAGE = YES_ERROR;
				CLANG_WARN_EMPTY_BODY = YES;
				CLANG_WARN_ENUM_CONVERSION = YES;
				CLANG_WARN_INT_CONVERSION = YES;
				CLANG_WARN_OBJC_ROOT_CLASS = YES_ERROR;
				CLANG_WARN__DUPLICATE_METHOD_MATCH = YES;
				CODE_SIGN_IDENTITY = "iPhone Distribution: Yasunari Furuya (LK3YCHG76L)";
				"CODE_SIGN_IDENTITY[sdk=iphoneos*]" = "iPhone Distribution: Yasunari Furuya (LK3YCHG76L)";
				COPY_PHASE_STRIP = NO;
				GCC_C_LANGUAGE_STANDARD = gnu99;
				GCC_DYNAMIC_NO_PIC = NO;
				GCC_OPTIMIZATION_LEVEL = 0;
				GCC_PREPROCESSOR_DEFINITIONS = (
					"DEBUG=1",
					"$(inherited)",
				);
				GCC_SYMBOLS_PRIVATE_EXTERN = NO;
				GCC_WARN_64_TO_32_BIT_CONVERSION = YES;
				GCC_WARN_ABOUT_RETURN_TYPE = YES_ERROR;
				GCC_WARN_UNDECLARED_SELECTOR = YES;
				GCC_WARN_UNINITIALIZED_AUTOS = YES_AGGRESSIVE;
				GCC_WARN_UNUSED_FUNCTION = YES;
				GCC_WARN_UNUSED_VARIABLE = YES;
				IPHONEOS_DEPLOYMENT_TARGET = 7.1;
				ONLY_ACTIVE_ARCH = YES;
				PROVISIONING_PROFILE = "2995e9bb-a441-458d-83a3-548c320f2309";
				SDKROOT = iphoneos;
			};
			name = Debug;
		};
		2EAF18471959645E001E2450 /* Release */ = {
			isa = XCBuildConfiguration;
			buildSettings = {
				ALWAYS_SEARCH_USER_PATHS = NO;
				CLANG_CXX_LANGUAGE_STANDARD = "gnu++0x";
				CLANG_CXX_LIBRARY = "libc++";
				CLANG_ENABLE_MODULES = YES;
				CLANG_ENABLE_OBJC_ARC = YES;
				CLANG_WARN_BOOL_CONVERSION = YES;
				CLANG_WARN_CONSTANT_CONVERSION = YES;
				CLANG_WARN_DIRECT_OBJC_ISA_USAGE = YES_ERROR;
				CLANG_WARN_EMPTY_BODY = YES;
				CLANG_WARN_ENUM_CONVERSION = YES;
				CLANG_WARN_INT_CONVERSION = YES;
				CLANG_WARN_OBJC_ROOT_CLASS = YES_ERROR;
				CLANG_WARN__DUPLICATE_METHOD_MATCH = YES;
				CODE_SIGN_IDENTITY = "iPhone Distribution: Yasunari Furuya (LK3YCHG76L)";
				"CODE_SIGN_IDENTITY[sdk=iphoneos*]" = "iPhone Distribution: Yasunari Furuya (LK3YCHG76L)";
				COPY_PHASE_STRIP = YES;
				ENABLE_NS_ASSERTIONS = NO;
				GCC_C_LANGUAGE_STANDARD = gnu99;
				GCC_WARN_64_TO_32_BIT_CONVERSION = YES;
				GCC_WARN_ABOUT_RETURN_TYPE = YES_ERROR;
				GCC_WARN_UNDECLARED_SELECTOR = YES;
				GCC_WARN_UNINITIALIZED_AUTOS = YES_AGGRESSIVE;
				GCC_WARN_UNUSED_FUNCTION = YES;
				GCC_WARN_UNUSED_VARIABLE = YES;
				IPHONEOS_DEPLOYMENT_TARGET = 7.1;
				PROVISIONING_PROFILE = "2995e9bb-a441-458d-83a3-548c320f2309";
				SDKROOT = iphoneos;
				VALIDATE_PRODUCT = YES;
			};
			name = Release;
		};
		2EAF18491959645E001E2450 /* Debug */ = {
			isa = XCBuildConfiguration;
			buildSettings = {
				ASSETCATALOG_COMPILER_APPICON_NAME = AppIcon;
				ASSETCATALOG_COMPILER_LAUNCHIMAGE_NAME = LaunchImage;
				CODE_SIGN_IDENTITY = "iPhone Distribution: Yasunari Furuya (LK3YCHG76L)";
				GCC_PRECOMPILE_PREFIX_HEADER = YES;
				GCC_PREFIX_HEADER = "fall/fall-Prefix.pch";
				INFOPLIST_FILE = "fall/fall-Info.plist";
				IPHONEOS_DEPLOYMENT_TARGET = 7.0;
				LIBRARY_SEARCH_PATHS = (
					"$(inherited)",
					"$(PROJECT_DIR)/fall/選択項目から作成したフォルダ",
				);
				OTHER_LDFLAGS = "-ObjC";
				OTHER_LIBTOOLFLAGS = "";
				PRODUCT_NAME = "$(TARGET_NAME)";
				PROVISIONING_PROFILE = "2995e9bb-a441-458d-83a3-548c320f2309";
				TARGETED_DEVICE_FAMILY = "1,2";
				WRAPPER_EXTENSION = app;
			};
			name = Debug;
		};
		2EAF184A1959645E001E2450 /* Release */ = {
			isa = XCBuildConfiguration;
			buildSettings = {
				ASSETCATALOG_COMPILER_APPICON_NAME = AppIcon;
				ASSETCATALOG_COMPILER_LAUNCHIMAGE_NAME = LaunchImage;
				CODE_SIGN_IDENTITY = "iPhone Distribution: Yasunari Furuya (LK3YCHG76L)";
				GCC_PRECOMPILE_PREFIX_HEADER = YES;
				GCC_PREFIX_HEADER = "fall/fall-Prefix.pch";
				INFOPLIST_FILE = "fall/fall-Info.plist";
				IPHONEOS_DEPLOYMENT_TARGET = 7.0;
				LIBRARY_SEARCH_PATHS = (
					"$(inherited)",
					"$(PROJECT_DIR)/fall/選択項目から作成したフォルダ",
				);
				OTHER_LDFLAGS = "-ObjC";
				OTHER_LIBTOOLFLAGS = "";
				PRODUCT_NAME = "$(TARGET_NAME)";
				PROVISIONING_PROFILE = "2995e9bb-a441-458d-83a3-548c320f2309";
				TARGETED_DEVICE_FAMILY = "1,2";
				WRAPPER_EXTENSION = app;
			};
			name = Release;
		};
		2EAF184C1959645E001E2450 /* Debug */ = {
			isa = XCBuildConfiguration;
			buildSettings = {
				BUNDLE_LOADER = "$(BUILT_PRODUCTS_DIR)/fall.app/fall";
				FRAMEWORK_SEARCH_PATHS = (
					"$(SDKROOT)/Developer/Library/Frameworks",
					"$(inherited)",
					"$(DEVELOPER_FRAMEWORKS_DIR)",
				);
				GCC_PRECOMPILE_PREFIX_HEADER = YES;
				GCC_PREFIX_HEADER = "fall/fall-Prefix.pch";
				GCC_PREPROCESSOR_DEFINITIONS = (
					"DEBUG=1",
					"$(inherited)",
				);
				INFOPLIST_FILE = "fallTests/fallTests-Info.plist";
				PRODUCT_NAME = "$(TARGET_NAME)";
				TEST_HOST = "$(BUNDLE_LOADER)";
				WRAPPER_EXTENSION = xctest;
			};
			name = Debug;
		};
		2EAF184D1959645E001E2450 /* Release */ = {
			isa = XCBuildConfiguration;
			buildSettings = {
				BUNDLE_LOADER = "$(BUILT_PRODUCTS_DIR)/fall.app/fall";
				FRAMEWORK_SEARCH_PATHS = (
					"$(SDKROOT)/Developer/Library/Frameworks",
					"$(inherited)",
					"$(DEVELOPER_FRAMEWORKS_DIR)",
				);
				GCC_PRECOMPILE_PREFIX_HEADER = YES;
				GCC_PREFIX_HEADER = "fall/fall-Prefix.pch";
				INFOPLIST_FILE = "fallTests/fallTests-Info.plist";
				PRODUCT_NAME = "$(TARGET_NAME)";
				TEST_HOST = "$(BUNDLE_LOADER)";
				WRAPPER_EXTENSION = xctest;
			};
			name = Release;
		};
/* End XCBuildConfiguration section */

/* Begin XCConfigurationList section */
		2EAF18111959645E001E2450 /* Build configuration list for PBXProject "fall" */ = {
			isa = XCConfigurationList;
			buildConfigurations = (
				2EAF18461959645E001E2450 /* Debug */,
				2EAF18471959645E001E2450 /* Release */,
			);
			defaultConfigurationIsVisible = 0;
			defaultConfigurationName = Release;
		};
		2EAF18481959645E001E2450 /* Build configuration list for PBXNativeTarget "fall" */ = {
			isa = XCConfigurationList;
			buildConfigurations = (
				2EAF18491959645E001E2450 /* Debug */,
				2EAF184A1959645E001E2450 /* Release */,
			);
			defaultConfigurationIsVisible = 0;
			defaultConfigurationName = Release;
		};
		2EAF184B1959645E001E2450 /* Build configuration list for PBXNativeTarget "fallTests" */ = {
			isa = XCConfigurationList;
			buildConfigurations = (
				2EAF184C1959645E001E2450 /* Debug */,
				2EAF184D1959645E001E2450 /* Release */,
			);
			defaultConfigurationIsVisible = 0;
			defaultConfigurationName = Release;
		};
/* End XCConfigurationList section */
	};
	rootObject = 2EAF180E1959645E001E2450 /* Project object */;
}
